// !$*UTF8*$!
{
	archiveVersion = 1;
	classes = {
	};
	objectVersion = 50;
	objects = {

/* Begin PBXBuildFile section */
		3B1274D4240B758200315649 /* ChartViewController.swift in Sources */ = {isa = PBXBuildFile; fileRef = 3B1274D3240B758200315649 /* ChartViewController.swift */; };
		3B1274D6240B758E00315649 /* ExtendViewController.swift in Sources */ = {isa = PBXBuildFile; fileRef = 3B1274D5240B758E00315649 /* ExtendViewController.swift */; };
		3B1274D9240B760700315649 /* Extension.swift in Sources */ = {isa = PBXBuildFile; fileRef = 3B1274D8240B760700315649 /* Extension.swift */; };
		3B45DBFB240A7E2F0038FCC3 /* TransactionViewController.swift in Sources */ = {isa = PBXBuildFile; fileRef = 3B45DBFA240A7E2F0038FCC3 /* TransactionViewController.swift */; };
		3B45DBFD240A802F0038FCC3 /* MainViewController.swift in Sources */ = {isa = PBXBuildFile; fileRef = 3B45DBFC240A802F0038FCC3 /* MainViewController.swift */; };
		3B45DBFF240AE8190038FCC3 /* OverallViewController.swift in Sources */ = {isa = PBXBuildFile; fileRef = 3B45DBFE240AE8190038FCC3 /* OverallViewController.swift */; };
		3BC19712240C12C500E7723A /* GroupSelectTableViewCell.swift in Sources */ = {isa = PBXBuildFile; fileRef = 3BC19711240C12C500E7723A /* GroupSelectTableViewCell.swift */; };
		3BEF967F240A776E009BD4D3 /* AppDelegate.swift in Sources */ = {isa = PBXBuildFile; fileRef = 3BEF967E240A776E009BD4D3 /* AppDelegate.swift */; };
		3BEF9681240A776E009BD4D3 /* SceneDelegate.swift in Sources */ = {isa = PBXBuildFile; fileRef = 3BEF9680240A776E009BD4D3 /* SceneDelegate.swift */; };
		3BEF9683240A776E009BD4D3 /* WalletViewController.swift in Sources */ = {isa = PBXBuildFile; fileRef = 3BEF9682240A776E009BD4D3 /* WalletViewController.swift */; };
		3BEF9686240A776E009BD4D3 /* Main.storyboard in Resources */ = {isa = PBXBuildFile; fileRef = 3BEF9684240A776E009BD4D3 /* Main.storyboard */; };
		3BEF9688240A7770009BD4D3 /* Assets.xcassets in Resources */ = {isa = PBXBuildFile; fileRef = 3BEF9687240A7770009BD4D3 /* Assets.xcassets */; };
		3BEF968B240A7770009BD4D3 /* LaunchScreen.storyboard in Resources */ = {isa = PBXBuildFile; fileRef = 3BEF9689240A7770009BD4D3 /* LaunchScreen.storyboard */; };
		3F04F852240CF6D200C32FF7 /* Transaction.swift in Sources */ = {isa = PBXBuildFile; fileRef = 3F04F851240CF6D200C32FF7 /* Transaction.swift */; };
		3F04F854240CFB3300C32FF7 /* TransactionBussiness.swift in Sources */ = {isa = PBXBuildFile; fileRef = 3F04F853240CFB3300C32FF7 /* TransactionBussiness.swift */; };
		3F04F856240D07CD00C32FF7 /* DataProvider.swift in Sources */ = {isa = PBXBuildFile; fileRef = 3F04F855240D07CD00C32FF7 /* DataProvider.swift */; };
		3F04F858240D146900C32FF7 /* NoteViewController.swift in Sources */ = {isa = PBXBuildFile; fileRef = 3F04F857240D146900C32FF7 /* NoteViewController.swift */; };
		3F04F85A240D201B00C32FF7 /* AdjustDateViewController.swift in Sources */ = {isa = PBXBuildFile; fileRef = 3F04F859240D201B00C32FF7 /* AdjustDateViewController.swift */; };
		3F7BFE67240BB49B0036D53D /* GroupTableViewController.swift in Sources */ = {isa = PBXBuildFile; fileRef = 3F7BFE66240BB49B0036D53D /* GroupTableViewController.swift */; };
/* End PBXBuildFile section */

/* Begin PBXFileReference section */
		3B1274D3240B758200315649 /* ChartViewController.swift */ = {isa = PBXFileReference; lastKnownFileType = sourcecode.swift; path = ChartViewController.swift; sourceTree = "<group>"; };
		3B1274D5240B758E00315649 /* ExtendViewController.swift */ = {isa = PBXFileReference; lastKnownFileType = sourcecode.swift; path = ExtendViewController.swift; sourceTree = "<group>"; };
		3B1274D8240B760700315649 /* Extension.swift */ = {isa = PBXFileReference; lastKnownFileType = sourcecode.swift; path = Extension.swift; sourceTree = "<group>"; };
		3B45DBFA240A7E2F0038FCC3 /* TransactionViewController.swift */ = {isa = PBXFileReference; lastKnownFileType = sourcecode.swift; path = TransactionViewController.swift; sourceTree = "<group>"; };
		3B45DBFC240A802F0038FCC3 /* MainViewController.swift */ = {isa = PBXFileReference; lastKnownFileType = sourcecode.swift; path = MainViewController.swift; sourceTree = "<group>"; };
		3B45DBFE240AE8190038FCC3 /* OverallViewController.swift */ = {isa = PBXFileReference; lastKnownFileType = sourcecode.swift; path = OverallViewController.swift; sourceTree = "<group>"; };
		3BC19711240C12C500E7723A /* GroupSelectTableViewCell.swift */ = {isa = PBXFileReference; lastKnownFileType = sourcecode.swift; path = GroupSelectTableViewCell.swift; sourceTree = "<group>"; };
		3BEF967B240A776E009BD4D3 /* My Money.app */ = {isa = PBXFileReference; explicitFileType = wrapper.application; includeInIndex = 0; path = "My Money.app"; sourceTree = BUILT_PRODUCTS_DIR; };
		3BEF967E240A776E009BD4D3 /* AppDelegate.swift */ = {isa = PBXFileReference; lastKnownFileType = sourcecode.swift; path = AppDelegate.swift; sourceTree = "<group>"; };
		3BEF9680240A776E009BD4D3 /* SceneDelegate.swift */ = {isa = PBXFileReference; lastKnownFileType = sourcecode.swift; path = SceneDelegate.swift; sourceTree = "<group>"; };
		3BEF9682240A776E009BD4D3 /* WalletViewController.swift */ = {isa = PBXFileReference; lastKnownFileType = sourcecode.swift; path = WalletViewController.swift; sourceTree = "<group>"; };
		3BEF9685240A776E009BD4D3 /* Base */ = {isa = PBXFileReference; lastKnownFileType = file.storyboard; name = Base; path = Base.lproj/Main.storyboard; sourceTree = "<group>"; };
		3BEF9687240A7770009BD4D3 /* Assets.xcassets */ = {isa = PBXFileReference; lastKnownFileType = folder.assetcatalog; path = Assets.xcassets; sourceTree = "<group>"; };
		3BEF968A240A7770009BD4D3 /* Base */ = {isa = PBXFileReference; lastKnownFileType = file.storyboard; name = Base; path = Base.lproj/LaunchScreen.storyboard; sourceTree = "<group>"; };
		3BEF968C240A7770009BD4D3 /* Info.plist */ = {isa = PBXFileReference; lastKnownFileType = text.plist.xml; path = Info.plist; sourceTree = "<group>"; };
		3F04F851240CF6D200C32FF7 /* Transaction.swift */ = {isa = PBXFileReference; lastKnownFileType = sourcecode.swift; name = Transaction.swift; path = "My Money/Controller/TransactionViewController/Transaction.swift"; sourceTree = SOURCE_ROOT; };
		3F04F853240CFB3300C32FF7 /* TransactionBussiness.swift */ = {isa = PBXFileReference; lastKnownFileType = sourcecode.swift; name = TransactionBussiness.swift; path = "My Money/Controller/TransactionViewController/TransactionBussiness.swift"; sourceTree = SOURCE_ROOT; };
		3F04F855240D07CD00C32FF7 /* DataProvider.swift */ = {isa = PBXFileReference; lastKnownFileType = sourcecode.swift; name = DataProvider.swift; path = "My Money/Controller/TransactionViewController/DataProvider.swift"; sourceTree = SOURCE_ROOT; };
		3F04F857240D146900C32FF7 /* NoteViewController.swift */ = {isa = PBXFileReference; lastKnownFileType = sourcecode.swift; path = NoteViewController.swift; sourceTree = "<group>"; };
		3F04F859240D201B00C32FF7 /* AdjustDateViewController.swift */ = {isa = PBXFileReference; lastKnownFileType = sourcecode.swift; path = AdjustDateViewController.swift; sourceTree = "<group>"; };
		3F7BFE66240BB49B0036D53D /* GroupTableViewController.swift */ = {isa = PBXFileReference; lastKnownFileType = sourcecode.swift; path = GroupTableViewController.swift; sourceTree = "<group>"; };
/* End PBXFileReference section */

/* Begin PBXFrameworksBuildPhase section */
		3BEF9678240A776E009BD4D3 /* Frameworks */ = {
			isa = PBXFrameworksBuildPhase;
			buildActionMask = 2147483647;
			files = (
			);
			runOnlyForDeploymentPostprocessing = 0;
		};
/* End PBXFrameworksBuildPhase section */

/* Begin PBXGroup section */
		3B1274CF240B748800315649 /* Controller */ = {
			isa = PBXGroup;
			children = (
				3FD64709240B9779005ACE6A /* TransactionViewController */,
				3BEF9682240A776E009BD4D3 /* WalletViewController.swift */,
				3B45DBFE240AE8190038FCC3 /* OverallViewController.swift */,
				3B45DBFC240A802F0038FCC3 /* MainViewController.swift */,
				3B1274D3240B758200315649 /* ChartViewController.swift */,
				3B1274D5240B758E00315649 /* ExtendViewController.swift */,
			);
			path = Controller;
			sourceTree = "<group>";
		};
		3B1274D0240B74A500315649 /* View */ = {
			isa = PBXGroup;
			children = (
				3BEF9684240A776E009BD4D3 /* Main.storyboard */,
				3BEF9689240A7770009BD4D3 /* LaunchScreen.storyboard */,
			);
			path = View;
			sourceTree = "<group>";
		};
		3B1274D1240B74E100315649 /* Supporting File */ = {
			isa = PBXGroup;
			children = (
				3BEF967E240A776E009BD4D3 /* AppDelegate.swift */,
				3BEF9680240A776E009BD4D3 /* SceneDelegate.swift */,
				3BEF9687240A7770009BD4D3 /* Assets.xcassets */,
			);
			path = "Supporting File";
			sourceTree = "<group>";
		};
		3B1274D2240B751E00315649 /* Modal */ = {
			isa = PBXGroup;
			children = (
				3F04F851240CF6D200C32FF7 /* Transaction.swift */,
				3F04F853240CFB3300C32FF7 /* TransactionBussiness.swift */,
				3F04F855240D07CD00C32FF7 /* DataProvider.swift */,
			);
			path = Modal;
			sourceTree = "<group>";
		};
		3B1274D7240B75C700315649 /* Extension */ = {
			isa = PBXGroup;
			children = (
				3B1274D8240B760700315649 /* Extension.swift */,
			);
			path = Extension;
			sourceTree = "<group>";
		};
		3BEF9672240A776E009BD4D3 = {
			isa = PBXGroup;
			children = (
				3BEF967D240A776E009BD4D3 /* My Money */,
				3BEF967C240A776E009BD4D3 /* Products */,
			);
			sourceTree = "<group>";
		};
		3BEF967C240A776E009BD4D3 /* Products */ = {
			isa = PBXGroup;
			children = (
				3BEF967B240A776E009BD4D3 /* My Money.app */,
			);
			name = Products;
			sourceTree = "<group>";
		};
		3BEF967D240A776E009BD4D3 /* My Money */ = {
			isa = PBXGroup;
			children = (
				3B1274D7240B75C700315649 /* Extension */,
				3B1274D2240B751E00315649 /* Modal */,
				3B1274D0240B74A500315649 /* View */,
				3B1274CF240B748800315649 /* Controller */,
				3B1274D1240B74E100315649 /* Supporting File */,
				3BEF968C240A7770009BD4D3 /* Info.plist */,
			);
			path = "My Money";
			sourceTree = "<group>";
		};
		3FD64709240B9779005ACE6A /* TransactionViewController */ = {
			isa = PBXGroup;
			children = (
				3F7BFE66240BB49B0036D53D /* GroupTableViewController.swift */,
				3B45DBFA240A7E2F0038FCC3 /* TransactionViewController.swift */,
				3BC19711240C12C500E7723A /* GroupSelectTableViewCell.swift */,
				3F04F857240D146900C32FF7 /* NoteViewController.swift */,
				3F04F859240D201B00C32FF7 /* AdjustDateViewController.swift */,
			);
			path = TransactionViewController;
			sourceTree = "<group>";
		};
/* End PBXGroup section */

/* Begin PBXNativeTarget section */
		3BEF967A240A776E009BD4D3 /* My Money */ = {
			isa = PBXNativeTarget;
			buildConfigurationList = 3BEF968F240A7770009BD4D3 /* Build configuration list for PBXNativeTarget "My Money" */;
			buildPhases = (
				3BEF9677240A776E009BD4D3 /* Sources */,
				3BEF9678240A776E009BD4D3 /* Frameworks */,
				3BEF9679240A776E009BD4D3 /* Resources */,
			);
			buildRules = (
			);
			dependencies = (
			);
			name = "My Money";
			productName = "My Money";
			productReference = 3BEF967B240A776E009BD4D3 /* My Money.app */;
			productType = "com.apple.product-type.application";
		};
/* End PBXNativeTarget section */

/* Begin PBXProject section */
		3BEF9673240A776E009BD4D3 /* Project object */ = {
			isa = PBXProject;
			attributes = {
				LastSwiftUpdateCheck = 1130;
				LastUpgradeCheck = 1130;
				ORGANIZATIONNAME = HuuNghia;
				TargetAttributes = {
					3BEF967A240A776E009BD4D3 = {
						CreatedOnToolsVersion = 11.3;
					};
				};
			};
			buildConfigurationList = 3BEF9676240A776E009BD4D3 /* Build configuration list for PBXProject "My Money" */;
			compatibilityVersion = "Xcode 9.3";
			developmentRegion = en;
			hasScannedForEncodings = 0;
			knownRegions = (
				en,
				Base,
			);
			mainGroup = 3BEF9672240A776E009BD4D3;
			productRefGroup = 3BEF967C240A776E009BD4D3 /* Products */;
			projectDirPath = "";
			projectRoot = "";
			targets = (
				3BEF967A240A776E009BD4D3 /* My Money */,
			);
		};
/* End PBXProject section */

/* Begin PBXResourcesBuildPhase section */
		3BEF9679240A776E009BD4D3 /* Resources */ = {
			isa = PBXResourcesBuildPhase;
			buildActionMask = 2147483647;
			files = (
				3BEF968B240A7770009BD4D3 /* LaunchScreen.storyboard in Resources */,
				3BEF9688240A7770009BD4D3 /* Assets.xcassets in Resources */,
				3BEF9686240A776E009BD4D3 /* Main.storyboard in Resources */,
			);
			runOnlyForDeploymentPostprocessing = 0;
		};
/* End PBXResourcesBuildPhase section */

/* Begin PBXSourcesBuildPhase section */
		3BEF9677240A776E009BD4D3 /* Sources */ = {
			isa = PBXSourcesBuildPhase;
			buildActionMask = 2147483647;
			files = (
				3BEF9683240A776E009BD4D3 /* WalletViewController.swift in Sources */,
				3F04F85A240D201B00C32FF7 /* AdjustDateViewController.swift in Sources */,
				3F04F854240CFB3300C32FF7 /* TransactionBussiness.swift in Sources */,
				3B1274D4240B758200315649 /* ChartViewController.swift in Sources */,
				3F04F856240D07CD00C32FF7 /* DataProvider.swift in Sources */,
				3BEF967F240A776E009BD4D3 /* AppDelegate.swift in Sources */,
				3F04F852240CF6D200C32FF7 /* Transaction.swift in Sources */,
				3F7BFE67240BB49B0036D53D /* GroupTableViewController.swift in Sources */,
				3BC19712240C12C500E7723A /* GroupSelectTableViewCell.swift in Sources */,
				3B45DBFB240A7E2F0038FCC3 /* TransactionViewController.swift in Sources */,
				3B1274D6240B758E00315649 /* ExtendViewController.swift in Sources */,
				3BEF9681240A776E009BD4D3 /* SceneDelegate.swift in Sources */,
				3B45DBFD240A802F0038FCC3 /* MainViewController.swift in Sources */,
				3B1274D9240B760700315649 /* Extension.swift in Sources */,
				3F04F858240D146900C32FF7 /* NoteViewController.swift in Sources */,
				3B45DBFF240AE8190038FCC3 /* OverallViewController.swift in Sources */,
			);
			runOnlyForDeploymentPostprocessing = 0;
		};
/* End PBXSourcesBuildPhase section */

/* Begin PBXVariantGroup section */
		3BEF9684240A776E009BD4D3 /* Main.storyboard */ = {
			isa = PBXVariantGroup;
			children = (
				3BEF9685240A776E009BD4D3 /* Base */,
			);
			name = Main.storyboard;
			sourceTree = "<group>";
		};
		3BEF9689240A7770009BD4D3 /* LaunchScreen.storyboard */ = {
			isa = PBXVariantGroup;
			children = (
				3BEF968A240A7770009BD4D3 /* Base */,
			);
			name = LaunchScreen.storyboard;
			sourceTree = "<group>";
		};
/* End PBXVariantGroup section */

/* Begin XCBuildConfiguration section */
		3BEF968D240A7770009BD4D3 /* Debug */ = {
			isa = XCBuildConfiguration;
			buildSettings = {
				ALWAYS_SEARCH_USER_PATHS = NO;
				CLANG_ANALYZER_NONNULL = YES;
				CLANG_ANALYZER_NUMBER_OBJECT_CONVERSION = YES_AGGRESSIVE;
				CLANG_CXX_LANGUAGE_STANDARD = "gnu++14";
				CLANG_CXX_LIBRARY = "libc++";
				CLANG_ENABLE_MODULES = YES;
				CLANG_ENABLE_OBJC_ARC = YES;
				CLANG_ENABLE_OBJC_WEAK = YES;
				CLANG_WARN_BLOCK_CAPTURE_AUTORELEASING = YES;
				CLANG_WARN_BOOL_CONVERSION = YES;
				CLANG_WARN_COMMA = YES;
				CLANG_WARN_CONSTANT_CONVERSION = YES;
				CLANG_WARN_DEPRECATED_OBJC_IMPLEMENTATIONS = YES;
				CLANG_WARN_DIRECT_OBJC_ISA_USAGE = YES_ERROR;
				CLANG_WARN_DOCUMENTATION_COMMENTS = YES;
				CLANG_WARN_EMPTY_BODY = YES;
				CLANG_WARN_ENUM_CONVERSION = YES;
				CLANG_WARN_INFINITE_RECURSION = YES;
				CLANG_WARN_INT_CONVERSION = YES;
				CLANG_WARN_NON_LITERAL_NULL_CONVERSION = YES;
				CLANG_WARN_OBJC_IMPLICIT_RETAIN_SELF = YES;
				CLANG_WARN_OBJC_LITERAL_CONVERSION = YES;
				CLANG_WARN_OBJC_ROOT_CLASS = YES_ERROR;
				CLANG_WARN_RANGE_LOOP_ANALYSIS = YES;
				CLANG_WARN_STRICT_PROTOTYPES = YES;
				CLANG_WARN_SUSPICIOUS_MOVE = YES;
				CLANG_WARN_UNGUARDED_AVAILABILITY = YES_AGGRESSIVE;
				CLANG_WARN_UNREACHABLE_CODE = YES;
				CLANG_WARN__DUPLICATE_METHOD_MATCH = YES;
				COPY_PHASE_STRIP = NO;
				DEBUG_INFORMATION_FORMAT = dwarf;
				ENABLE_STRICT_OBJC_MSGSEND = YES;
				ENABLE_TESTABILITY = YES;
				GCC_C_LANGUAGE_STANDARD = gnu11;
				GCC_DYNAMIC_NO_PIC = NO;
				GCC_NO_COMMON_BLOCKS = YES;
				GCC_OPTIMIZATION_LEVEL = 0;
				GCC_PREPROCESSOR_DEFINITIONS = (
					"DEBUG=1",
					"$(inherited)",
				);
				GCC_WARN_64_TO_32_BIT_CONVERSION = YES;
				GCC_WARN_ABOUT_RETURN_TYPE = YES_ERROR;
				GCC_WARN_UNDECLARED_SELECTOR = YES;
				GCC_WARN_UNINITIALIZED_AUTOS = YES_AGGRESSIVE;
				GCC_WARN_UNUSED_FUNCTION = YES;
				GCC_WARN_UNUSED_VARIABLE = YES;
				IPHONEOS_DEPLOYMENT_TARGET = 13.2;
				MTL_ENABLE_DEBUG_INFO = INCLUDE_SOURCE;
				MTL_FAST_MATH = YES;
				ONLY_ACTIVE_ARCH = YES;
				SDKROOT = iphoneos;
				SWIFT_ACTIVE_COMPILATION_CONDITIONS = DEBUG;
				SWIFT_OPTIMIZATION_LEVEL = "-Onone";
			};
			name = Debug;
		};
		3BEF968E240A7770009BD4D3 /* Release */ = {
			isa = XCBuildConfiguration;
			buildSettings = {
				ALWAYS_SEARCH_USER_PATHS = NO;
				CLANG_ANALYZER_NONNULL = YES;
				CLANG_ANALYZER_NUMBER_OBJECT_CONVERSION = YES_AGGRESSIVE;
				CLANG_CXX_LANGUAGE_STANDARD = "gnu++14";
				CLANG_CXX_LIBRARY = "libc++";
				CLANG_ENABLE_MODULES = YES;
				CLANG_ENABLE_OBJC_ARC = YES;
				CLANG_ENABLE_OBJC_WEAK = YES;
				CLANG_WARN_BLOCK_CAPTURE_AUTORELEASING = YES;
				CLANG_WARN_BOOL_CONVERSION = YES;
				CLANG_WARN_COMMA = YES;
				CLANG_WARN_CONSTANT_CONVERSION = YES;
				CLANG_WARN_DEPRECATED_OBJC_IMPLEMENTATIONS = YES;
				CLANG_WARN_DIRECT_OBJC_ISA_USAGE = YES_ERROR;
				CLANG_WARN_DOCUMENTATION_COMMENTS = YES;
				CLANG_WARN_EMPTY_BODY = YES;
				CLANG_WARN_ENUM_CONVERSION = YES;
				CLANG_WARN_INFINITE_RECURSION = YES;
				CLANG_WARN_INT_CONVERSION = YES;
				CLANG_WARN_NON_LITERAL_NULL_CONVERSION = YES;
				CLANG_WARN_OBJC_IMPLICIT_RETAIN_SELF = YES;
				CLANG_WARN_OBJC_LITERAL_CONVERSION = YES;
				CLANG_WARN_OBJC_ROOT_CLASS = YES_ERROR;
				CLANG_WARN_RANGE_LOOP_ANALYSIS = YES;
				CLANG_WARN_STRICT_PROTOTYPES = YES;
				CLANG_WARN_SUSPICIOUS_MOVE = YES;
				CLANG_WARN_UNGUARDED_AVAILABILITY = YES_AGGRESSIVE;
				CLANG_WARN_UNREACHABLE_CODE = YES;
				CLANG_WARN__DUPLICATE_METHOD_MATCH = YES;
				COPY_PHASE_STRIP = NO;
				DEBUG_INFORMATION_FORMAT = "dwarf-with-dsym";
				ENABLE_NS_ASSERTIONS = NO;
				ENABLE_STRICT_OBJC_MSGSEND = YES;
				GCC_C_LANGUAGE_STANDARD = gnu11;
				GCC_NO_COMMON_BLOCKS = YES;
				GCC_WARN_64_TO_32_BIT_CONVERSION = YES;
				GCC_WARN_ABOUT_RETURN_TYPE = YES_ERROR;
				GCC_WARN_UNDECLARED_SELECTOR = YES;
				GCC_WARN_UNINITIALIZED_AUTOS = YES_AGGRESSIVE;
				GCC_WARN_UNUSED_FUNCTION = YES;
				GCC_WARN_UNUSED_VARIABLE = YES;
				IPHONEOS_DEPLOYMENT_TARGET = 13.2;
				MTL_ENABLE_DEBUG_INFO = NO;
				MTL_FAST_MATH = YES;
				SDKROOT = iphoneos;
				SWIFT_COMPILATION_MODE = wholemodule;
				SWIFT_OPTIMIZATION_LEVEL = "-O";
				VALIDATE_PRODUCT = YES;
			};
			name = Release;
		};
		3BEF9690240A7770009BD4D3 /* Debug */ = {
			isa = XCBuildConfiguration;
			buildSettings = {
				ASSETCATALOG_COMPILER_APPICON_NAME = AppIcon;
				CODE_SIGN_STYLE = Automatic;
				DEVELOPMENT_TEAM = 596BB292G4;
				INFOPLIST_FILE = "My Money/Info.plist";
				LD_RUNPATH_SEARCH_PATHS = (
					"$(inherited)",
					"@executable_path/Frameworks",
				);
				PRODUCT_BUNDLE_IDENTIFIER = "com.huunghia.My-Money";
				PRODUCT_NAME = "$(TARGET_NAME)";
				SWIFT_VERSION = 5.0;
				TARGETED_DEVICE_FAMILY = "1,2";
			};
			name = Debug;
		};
		3BEF9691240A7770009BD4D3 /* Release */ = {
			isa = XCBuildConfiguration;
			buildSettings = {
				ASSETCATALOG_COMPILER_APPICON_NAME = AppIcon;
				CODE_SIGN_STYLE = Automatic;
				DEVELOPMENT_TEAM = 596BB292G4;
				INFOPLIST_FILE = "My Money/Info.plist";
				LD_RUNPATH_SEARCH_PATHS = (
					"$(inherited)",
					"@executable_path/Frameworks",
				);
				PRODUCT_BUNDLE_IDENTIFIER = "com.huunghia.My-Money";
				PRODUCT_NAME = "$(TARGET_NAME)";
				SWIFT_VERSION = 5.0;
				TARGETED_DEVICE_FAMILY = "1,2";
			};
			name = Release;
		};
/* End XCBuildConfiguration section */

/* Begin XCConfigurationList section */
		3BEF9676240A776E009BD4D3 /* Build configuration list for PBXProject "My Money" */ = {
			isa = XCConfigurationList;
			buildConfigurations = (
				3BEF968D240A7770009BD4D3 /* Debug */,
				3BEF968E240A7770009BD4D3 /* Release */,
			);
			defaultConfigurationIsVisible = 0;
			defaultConfigurationName = Release;
		};
		3BEF968F240A7770009BD4D3 /* Build configuration list for PBXNativeTarget "My Money" */ = {
			isa = XCConfigurationList;
			buildConfigurations = (
				3BEF9690240A7770009BD4D3 /* Debug */,
				3BEF9691240A7770009BD4D3 /* Release */,
			);
			defaultConfigurationIsVisible = 0;
			defaultConfigurationName = Release;
		};
/* End XCConfigurationList section */
	};
	rootObject = 3BEF9673240A776E009BD4D3 /* Project object */;
}
